
Microsoft Visual Studio Solution File, Format Version 12.00
# Visual Studio Version 17
VisualStudioVersion = 17.6.33801.468
MinimumVisualStudioVersion = 10.0.40219.1
Project("{FAE04EC0-301F-11D3-BF4B-00C04F79EFBC}") = "Zad3", "Zad3.csproj", "{DC234EB2-2651-4309-8DDF-808B490D268D}"
EndProject
Global
	GlobalSection(SolutionConfigurationPlatforms) = preSolution
		Debug|Any CPU = Debug|Any CPU
		Release|Any CPU = Release|Any CPU
	EndGlobalSection
	GlobalSection(ProjectConfigurationPlatforms) = postSolution
		{DC234EB2-2651-4309-8DDF-808B490D268D}.Debug|Any CPU.ActiveCfg = Debug|Any CPU
		{DC234EB2-2651-4309-8DDF-808B490D268D}.Debug|Any CPU.Build.0 = Debug|Any CPU
		{DC234EB2-2651-4309-8DDF-808B490D268D}.Release|Any CPU.ActiveCfg = Release|Any CPU
		{DC234EB2-2651-4309-8DDF-808B490D268D}.Release|Any CPU.Build.0 = Release|Any CPU
	EndGlobalSection
	GlobalSection(SolutionProperties) = preSolution
		HideSolutionNode = FALSE
	EndGlobalSection
	GlobalSection(ExtensibilityGlobals) = postSolution
		SolutionGuid = {B11D885E-CDA6-4571-B39D-BD1538AE8E12}
	EndGlobalSection
EndGlobal
